
Microsoft Visual Studio Solution File, Format Version 12.00
# Visual Studio 15
VisualStudioVersion = 15.0.28307.329
MinimumVisualStudioVersion = 10.0.40219.1
Project("{FAE04EC0-301F-11D3-BF4B-00C04F79EFBC}") = "Basic Application", "Basic Application\Basic Application.csproj", "{9800D0E3-3BF0-4591-A082-5A81506649FB}"
EndProject
Project("{FAE04EC0-301F-11D3-BF4B-00C04F79EFBC}") = "PingPongServer", "PingPongServer\PingPongServer.csproj", "{64F47C5B-D9B0-48E4-829D-DED98A79ABF7}"
EndProject
Project("{FAE04EC0-301F-11D3-BF4B-00C04F79EFBC}") = "GUI for Software Engineering Project", "GUI for Software Engineering Project\GUI for Software Engineering Project.csproj", "{1F844633-B50C-43BB-B5E0-69F2AF3C9159}"
EndProject
Project("{FAE04EC0-301F-11D3-BF4B-00C04F79EFBC}") = "EdsStuff", "EdsStuff\EdsStuff.csproj", "{A3EA8F3D-B487-40D1-8BEA-7BB2417F9F41}"
EndProject
Global
	GlobalSection(SolutionConfigurationPlatforms) = preSolution
		Debug|Any CPU = Debug|Any CPU
		Release|Any CPU = Release|Any CPU
	EndGlobalSection
	GlobalSection(ProjectConfigurationPlatforms) = postSolution
		{9800D0E3-3BF0-4591-A082-5A81506649FB}.Debug|Any CPU.ActiveCfg = Debug|Any CPU
		{9800D0E3-3BF0-4591-A082-5A81506649FB}.Debug|Any CPU.Build.0 = Debug|Any CPU
		{9800D0E3-3BF0-4591-A082-5A81506649FB}.Release|Any CPU.ActiveCfg = Release|Any CPU
		{9800D0E3-3BF0-4591-A082-5A81506649FB}.Release|Any CPU.Build.0 = Release|Any CPU
		{64F47C5B-D9B0-48E4-829D-DED98A79ABF7}.Debug|Any CPU.ActiveCfg = Debug|Any CPU
		{64F47C5B-D9B0-48E4-829D-DED98A79ABF7}.Debug|Any CPU.Build.0 = Debug|Any CPU
		{64F47C5B-D9B0-48E4-829D-DED98A79ABF7}.Release|Any CPU.ActiveCfg = Release|Any CPU
		{64F47C5B-D9B0-48E4-829D-DED98A79ABF7}.Release|Any CPU.Build.0 = Release|Any CPU
		{1F844633-B50C-43BB-B5E0-69F2AF3C9159}.Debug|Any CPU.ActiveCfg = Debug|Any CPU
		{1F844633-B50C-43BB-B5E0-69F2AF3C9159}.Debug|Any CPU.Build.0 = Debug|Any CPU
		{1F844633-B50C-43BB-B5E0-69F2AF3C9159}.Release|Any CPU.ActiveCfg = Release|Any CPU
		{1F844633-B50C-43BB-B5E0-69F2AF3C9159}.Release|Any CPU.Build.0 = Release|Any CPU
		{A3EA8F3D-B487-40D1-8BEA-7BB2417F9F41}.Debug|Any CPU.ActiveCfg = Debug|Any CPU
		{A3EA8F3D-B487-40D1-8BEA-7BB2417F9F41}.Debug|Any CPU.Build.0 = Debug|Any CPU
		{A3EA8F3D-B487-40D1-8BEA-7BB2417F9F41}.Release|Any CPU.ActiveCfg = Release|Any CPU
		{A3EA8F3D-B487-40D1-8BEA-7BB2417F9F41}.Release|Any CPU.Build.0 = Release|Any CPU
	EndGlobalSection
	GlobalSection(SolutionProperties) = preSolution
		HideSolutionNode = FALSE
	EndGlobalSection
	GlobalSection(ExtensibilityGlobals) = postSolution
		SolutionGuid = {CC8FDBA4-61B8-4D77-B12C-E4912100CCC9}
	EndGlobalSection
EndGlobal
